
Microsoft Visual Studio Solution File, Format Version 12.00
# Visual Studio Version 16
VisualStudioVersion = 16.0.30011.22
MinimumVisualStudioVersion = 10.0.40219.1
Project("{F2A71F9B-5D33-465A-A702-920D77279786}") = "ConsoleFunProfit", "ConsoleFunProfit\ConsoleFunProfit.fsproj", "{288980E7-35AD-4D4E-A638-F031E21CCDDB}"
EndProject
Global
	GlobalSection(SolutionConfigurationPlatforms) = preSolution
		Debug|Any CPU = Debug|Any CPU
		Release|Any CPU = Release|Any CPU
	EndGlobalSection
	GlobalSection(ProjectConfigurationPlatforms) = postSolution
		{288980E7-35AD-4D4E-A638-F031E21CCDDB}.Debug|Any CPU.ActiveCfg = Debug|Any CPU
		{288980E7-35AD-4D4E-A638-F031E21CCDDB}.Debug|Any CPU.Build.0 = Debug|Any CPU
		{288980E7-35AD-4D4E-A638-F031E21CCDDB}.Release|Any CPU.ActiveCfg = Release|Any CPU
		{288980E7-35AD-4D4E-A638-F031E21CCDDB}.Release|Any CPU.Build.0 = Release|Any CPU
	EndGlobalSection
	GlobalSection(SolutionProperties) = preSolution
		HideSolutionNode = FALSE
	EndGlobalSection
	GlobalSection(ExtensibilityGlobals) = postSolution
		SolutionGuid = {F926CE66-DD2E-4719-B5A1-0D105E44954B}
	EndGlobalSection
EndGlobal
