
Microsoft Visual Studio Solution File, Format Version 12.00
# Visual Studio Version 16
VisualStudioVersion = 16.0.30011.22
MinimumVisualStudioVersion = 10.0.40219.1
Project("{F2A71F9B-5D33-465A-A702-920D77279786}") = "ConsoleActivePatternApplicativeValidation", "ConsoleActivePatternApplicativeValidation\ConsoleActivePatternApplicativeValidation.fsproj", "{0770841F-4DE6-444C-AD49-3B7C1D348EA0}"
EndProject
Global
	GlobalSection(SolutionConfigurationPlatforms) = preSolution
		Debug|Any CPU = Debug|Any CPU
		Release|Any CPU = Release|Any CPU
	EndGlobalSection
	GlobalSection(ProjectConfigurationPlatforms) = postSolution
		{0770841F-4DE6-444C-AD49-3B7C1D348EA0}.Debug|Any CPU.ActiveCfg = Debug|Any CPU
		{0770841F-4DE6-444C-AD49-3B7C1D348EA0}.Debug|Any CPU.Build.0 = Debug|Any CPU
		{0770841F-4DE6-444C-AD49-3B7C1D348EA0}.Release|Any CPU.ActiveCfg = Release|Any CPU
		{0770841F-4DE6-444C-AD49-3B7C1D348EA0}.Release|Any CPU.Build.0 = Release|Any CPU
	EndGlobalSection
	GlobalSection(SolutionProperties) = preSolution
		HideSolutionNode = FALSE
	EndGlobalSection
	GlobalSection(ExtensibilityGlobals) = postSolution
		SolutionGuid = {04D2A781-D5C8-47C4-9D2C-7297C86AD599}
	EndGlobalSection
EndGlobal
