
Microsoft Visual Studio Solution File, Format Version 12.00
# Visual Studio Version 16
VisualStudioVersion = 16.0.30011.22
MinimumVisualStudioVersion = 10.0.40219.1
Project("{F2A71F9B-5D33-465A-A702-920D77279786}") = "ConsoleOptionApplicative", "ConsoleOptionApplicative\ConsoleOptionApplicative.fsproj", "{74A5FFC8-4ABB-46E2-955E-3886299A658A}"
EndProject
Global
	GlobalSection(SolutionConfigurationPlatforms) = preSolution
		Debug|Any CPU = Debug|Any CPU
		Release|Any CPU = Release|Any CPU
	EndGlobalSection
	GlobalSection(ProjectConfigurationPlatforms) = postSolution
		{74A5FFC8-4ABB-46E2-955E-3886299A658A}.Debug|Any CPU.ActiveCfg = Debug|Any CPU
		{74A5FFC8-4ABB-46E2-955E-3886299A658A}.Debug|Any CPU.Build.0 = Debug|Any CPU
		{74A5FFC8-4ABB-46E2-955E-3886299A658A}.Release|Any CPU.ActiveCfg = Release|Any CPU
		{74A5FFC8-4ABB-46E2-955E-3886299A658A}.Release|Any CPU.Build.0 = Release|Any CPU
	EndGlobalSection
	GlobalSection(SolutionProperties) = preSolution
		HideSolutionNode = FALSE
	EndGlobalSection
	GlobalSection(ExtensibilityGlobals) = postSolution
		SolutionGuid = {6C79FE25-7118-42AB-B9E7-C1BD813313EA}
	EndGlobalSection
EndGlobal
