
Microsoft Visual Studio Solution File, Format Version 12.00
# Visual Studio Version 16
VisualStudioVersion = 16.0.30011.22
MinimumVisualStudioVersion = 10.0.40219.1
Project("{F2A71F9B-5D33-465A-A702-920D77279786}") = "ConsoleApplicativeValidation", "ConsoleApplicativeValidation\ConsoleApplicativeValidation.fsproj", "{AE3142A7-7AD9-43CF-BC04-9C74BA9BC8C6}"
EndProject
Global
	GlobalSection(SolutionConfigurationPlatforms) = preSolution
		Debug|Any CPU = Debug|Any CPU
		Release|Any CPU = Release|Any CPU
	EndGlobalSection
	GlobalSection(ProjectConfigurationPlatforms) = postSolution
		{AE3142A7-7AD9-43CF-BC04-9C74BA9BC8C6}.Debug|Any CPU.ActiveCfg = Debug|Any CPU
		{AE3142A7-7AD9-43CF-BC04-9C74BA9BC8C6}.Debug|Any CPU.Build.0 = Debug|Any CPU
		{AE3142A7-7AD9-43CF-BC04-9C74BA9BC8C6}.Release|Any CPU.ActiveCfg = Release|Any CPU
		{AE3142A7-7AD9-43CF-BC04-9C74BA9BC8C6}.Release|Any CPU.Build.0 = Release|Any CPU
	EndGlobalSection
	GlobalSection(SolutionProperties) = preSolution
		HideSolutionNode = FALSE
	EndGlobalSection
	GlobalSection(ExtensibilityGlobals) = postSolution
		SolutionGuid = {F0EA9E2A-433F-4107-AFA8-7D61F58A7455}
	EndGlobalSection
EndGlobal
